// !$*UTF8*$!
{
	archiveVersion = 1;
	classes = {
	};
	objectVersion = 55;
	objects = {

/* Begin PBXBuildFile section */
		3690295226C2F79300E3B35A /* MainTableView.swift in Sources */ = {isa = PBXBuildFile; fileRef = 3690295126C2F79300E3B35A /* MainTableView.swift */; };
		36A8210C26C1961900B3088B /* AppDelegate.swift in Sources */ = {isa = PBXBuildFile; fileRef = 36A8210B26C1961900B3088B /* AppDelegate.swift */; };
		36A8210E26C1961900B3088B /* SceneDelegate.swift in Sources */ = {isa = PBXBuildFile; fileRef = 36A8210D26C1961900B3088B /* SceneDelegate.swift */; };
		36A8211026C1961900B3088B /* ViewController.swift in Sources */ = {isa = PBXBuildFile; fileRef = 36A8210F26C1961900B3088B /* ViewController.swift */; };
		36A8211526C1961A00B3088B /* Assets.xcassets in Resources */ = {isa = PBXBuildFile; fileRef = 36A8211426C1961A00B3088B /* Assets.xcassets */; };
		36A8211826C1961A00B3088B /* LaunchScreen.storyboard in Resources */ = {isa = PBXBuildFile; fileRef = 36A8211626C1961A00B3088B /* LaunchScreen.storyboard */; };
		36A8212626C198DC00B3088B /* Colors.xcassets in Resources */ = {isa = PBXBuildFile; fileRef = 36A8212526C198DC00B3088B /* Colors.xcassets */; };
		36A8212826C19F6200B3088B /* MainView.swift in Sources */ = {isa = PBXBuildFile; fileRef = 36A8212726C19F6200B3088B /* MainView.swift */; };
/* End PBXBuildFile section */

/* Begin PBXFileReference section */
		3690295126C2F79300E3B35A /* MainTableView.swift */ = {isa = PBXFileReference; lastKnownFileType = sourcecode.swift; path = MainTableView.swift; sourceTree = "<group>"; };
		36A8210826C1961900B3088B /* GithubApiApp.app */ = {isa = PBXFileReference; explicitFileType = wrapper.application; includeInIndex = 0; path = GithubApiApp.app; sourceTree = BUILT_PRODUCTS_DIR; };
		36A8210B26C1961900B3088B /* AppDelegate.swift */ = {isa = PBXFileReference; lastKnownFileType = sourcecode.swift; path = AppDelegate.swift; sourceTree = "<group>"; };
		36A8210D26C1961900B3088B /* SceneDelegate.swift */ = {isa = PBXFileReference; lastKnownFileType = sourcecode.swift; path = SceneDelegate.swift; sourceTree = "<group>"; };
		36A8210F26C1961900B3088B /* ViewController.swift */ = {isa = PBXFileReference; lastKnownFileType = sourcecode.swift; path = ViewController.swift; sourceTree = "<group>"; };
		36A8211426C1961A00B3088B /* Assets.xcassets */ = {isa = PBXFileReference; lastKnownFileType = folder.assetcatalog; path = Assets.xcassets; sourceTree = "<group>"; };
		36A8211726C1961A00B3088B /* Base */ = {isa = PBXFileReference; lastKnownFileType = file.storyboard; name = Base; path = Base.lproj/LaunchScreen.storyboard; sourceTree = "<group>"; };
		36A8211926C1961A00B3088B /* Info.plist */ = {isa = PBXFileReference; lastKnownFileType = text.plist.xml; path = Info.plist; sourceTree = "<group>"; };
		36A8212526C198DC00B3088B /* Colors.xcassets */ = {isa = PBXFileReference; lastKnownFileType = folder.assetcatalog; path = Colors.xcassets; sourceTree = "<group>"; };
		36A8212726C19F6200B3088B /* MainView.swift */ = {isa = PBXFileReference; lastKnownFileType = sourcecode.swift; path = MainView.swift; sourceTree = "<group>"; };
/* End PBXFileReference section */

/* Begin PBXFrameworksBuildPhase section */
		36A8210526C1961900B3088B /* Frameworks */ = {
			isa = PBXFrameworksBuildPhase;
			buildActionMask = 2147483647;
			files = (
			);
			runOnlyForDeploymentPostprocessing = 0;
		};
/* End PBXFrameworksBuildPhase section */

/* Begin PBXGroup section */
		36A820FF26C1961900B3088B = {
			isa = PBXGroup;
			children = (
				36A8210A26C1961900B3088B /* GithubApiApp */,
				36A8210926C1961900B3088B /* Products */,
			);
			sourceTree = "<group>";
		};
		36A8210926C1961900B3088B /* Products */ = {
			isa = PBXGroup;
			children = (
				36A8210826C1961900B3088B /* GithubApiApp.app */,
			);
			name = Products;
			sourceTree = "<group>";
		};
		36A8210A26C1961900B3088B /* GithubApiApp */ = {
			isa = PBXGroup;
			children = (
				36A8212226C198A500B3088B /* ViewController */,
				36A8212126C1989D00B3088B /* Model */,
				36A8212026C1989000B3088B /* ViewModel */,
				36A8211F26C1988A00B3088B /* View */,
				36A8212326C198AF00B3088B /* StoryBoards */,
				36A8212426C198C400B3088B /* Assets */,
				36A8210B26C1961900B3088B /* AppDelegate.swift */,
				36A8210D26C1961900B3088B /* SceneDelegate.swift */,
				36A8211926C1961A00B3088B /* Info.plist */,
			);
			path = GithubApiApp;
			sourceTree = "<group>";
		};
		36A8211F26C1988A00B3088B /* View */ = {
			isa = PBXGroup;
			children = (
				36A8212726C19F6200B3088B /* MainView.swift */,
				3690295126C2F79300E3B35A /* MainTableView.swift */,
			);
			path = View;
			sourceTree = "<group>";
		};
		36A8212026C1989000B3088B /* ViewModel */ = {
			isa = PBXGroup;
			children = (
			);
			path = ViewModel;
			sourceTree = "<group>";
		};
		36A8212126C1989D00B3088B /* Model */ = {
			isa = PBXGroup;
			children = (
			);
			path = Model;
			sourceTree = "<group>";
		};
		36A8212226C198A500B3088B /* ViewController */ = {
			isa = PBXGroup;
			children = (
				36A8210F26C1961900B3088B /* ViewController.swift */,
			);
			path = ViewController;
			sourceTree = "<group>";
		};
		36A8212326C198AF00B3088B /* StoryBoards */ = {
			isa = PBXGroup;
			children = (
				36A8211626C1961A00B3088B /* LaunchScreen.storyboard */,
			);
			path = StoryBoards;
			sourceTree = "<group>";
		};
		36A8212426C198C400B3088B /* Assets */ = {
			isa = PBXGroup;
			children = (
				36A8212526C198DC00B3088B /* Colors.xcassets */,
				36A8211426C1961A00B3088B /* Assets.xcassets */,
			);
			path = Assets;
			sourceTree = "<group>";
		};
/* End PBXGroup section */

/* Begin PBXNativeTarget section */
		36A8210726C1961900B3088B /* GithubApiApp */ = {
			isa = PBXNativeTarget;
			buildConfigurationList = 36A8211C26C1961A00B3088B /* Build configuration list for PBXNativeTarget "GithubApiApp" */;
			buildPhases = (
				36A8210426C1961900B3088B /* Sources */,
				36A8210526C1961900B3088B /* Frameworks */,
				36A8210626C1961900B3088B /* Resources */,
			);
			buildRules = (
			);
			dependencies = (
			);
			name = GithubApiApp;
			productName = GithubApiApp;
			productReference = 36A8210826C1961900B3088B /* GithubApiApp.app */;
			productType = "com.apple.product-type.application";
		};
/* End PBXNativeTarget section */

/* Begin PBXProject section */
		36A8210026C1961900B3088B /* Project object */ = {
			isa = PBXProject;
			attributes = {
				BuildIndependentTargetsInParallel = 1;
				LastSwiftUpdateCheck = 1300;
				LastUpgradeCheck = 1300;
				TargetAttributes = {
					36A8210726C1961900B3088B = {
						CreatedOnToolsVersion = 13.0;
					};
				};
			};
			buildConfigurationList = 36A8210326C1961900B3088B /* Build configuration list for PBXProject "GithubApiApp" */;
			compatibilityVersion = "Xcode 13.0";
			developmentRegion = en;
			hasScannedForEncodings = 0;
			knownRegions = (
				en,
				Base,
			);
			mainGroup = 36A820FF26C1961900B3088B;
			productRefGroup = 36A8210926C1961900B3088B /* Products */;
			projectDirPath = "";
			projectRoot = "";
			targets = (
				36A8210726C1961900B3088B /* GithubApiApp */,
			);
		};
/* End PBXProject section */

/* Begin PBXResourcesBuildPhase section */
		36A8210626C1961900B3088B /* Resources */ = {
			isa = PBXResourcesBuildPhase;
			buildActionMask = 2147483647;
			files = (
				36A8211826C1961A00B3088B /* LaunchScreen.storyboard in Resources */,
				36A8212626C198DC00B3088B /* Colors.xcassets in Resources */,
				36A8211526C1961A00B3088B /* Assets.xcassets in Resources */,
			);
			runOnlyForDeploymentPostprocessing = 0;
		};
/* End PBXResourcesBuildPhase section */

/* Begin PBXSourcesBuildPhase section */
		36A8210426C1961900B3088B /* Sources */ = {
			isa = PBXSourcesBuildPhase;
			buildActionMask = 2147483647;
			files = (
				36A8211026C1961900B3088B /* ViewController.swift in Sources */,
				36A8212826C19F6200B3088B /* MainView.swift in Sources */,
				3690295226C2F79300E3B35A /* MainTableView.swift in Sources */,
				36A8210C26C1961900B3088B /* AppDelegate.swift in Sources */,
				36A8210E26C1961900B3088B /* SceneDelegate.swift in Sources */,
			);
			runOnlyForDeploymentPostprocessing = 0;
		};
/* End PBXSourcesBuildPhase section */

/* Begin PBXVariantGroup section */
		36A8211626C1961A00B3088B /* LaunchScreen.storyboard */ = {
			isa = PBXVariantGroup;
			children = (
				36A8211726C1961A00B3088B /* Base */,
			);
			name = LaunchScreen.storyboard;
			sourceTree = "<group>";
		};
/* End PBXVariantGroup section */

/* Begin XCBuildConfiguration section */
		36A8211A26C1961A00B3088B /* Debug */ = {
			isa = XCBuildConfiguration;
			buildSettings = {
				ALWAYS_SEARCH_USER_PATHS = NO;
				CLANG_ANALYZER_NONNULL = YES;
				CLANG_ANALYZER_NUMBER_OBJECT_CONVERSION = YES_AGGRESSIVE;
				CLANG_CXX_LANGUAGE_STANDARD = "gnu++17";
				CLANG_CXX_LIBRARY = "libc++";
				CLANG_ENABLE_MODULES = YES;
				CLANG_ENABLE_OBJC_ARC = YES;
				CLANG_ENABLE_OBJC_WEAK = YES;
				CLANG_WARN_BLOCK_CAPTURE_AUTORELEASING = YES;
				CLANG_WARN_BOOL_CONVERSION = YES;
				CLANG_WARN_COMMA = YES;
				CLANG_WARN_CONSTANT_CONVERSION = YES;
				CLANG_WARN_DEPRECATED_OBJC_IMPLEMENTATIONS = YES;
				CLANG_WARN_DIRECT_OBJC_ISA_USAGE = YES_ERROR;
				CLANG_WARN_DOCUMENTATION_COMMENTS = YES;
				CLANG_WARN_EMPTY_BODY = YES;
				CLANG_WARN_ENUM_CONVERSION = YES;
				CLANG_WARN_INFINITE_RECURSION = YES;
				CLANG_WARN_INT_CONVERSION = YES;
				CLANG_WARN_NON_LITERAL_NULL_CONVERSION = YES;
				CLANG_WARN_OBJC_IMPLICIT_RETAIN_SELF = YES;
				CLANG_WARN_OBJC_LITERAL_CONVERSION = YES;
				CLANG_WARN_OBJC_ROOT_CLASS = YES_ERROR;
				CLANG_WARN_QUOTED_INCLUDE_IN_FRAMEWORK_HEADER = YES;
				CLANG_WARN_RANGE_LOOP_ANALYSIS = YES;
				CLANG_WARN_STRICT_PROTOTYPES = YES;
				CLANG_WARN_SUSPICIOUS_MOVE = YES;
				CLANG_WARN_UNGUARDED_AVAILABILITY = YES_AGGRESSIVE;
				CLANG_WARN_UNREACHABLE_CODE = YES;
				CLANG_WARN__DUPLICATE_METHOD_MATCH = YES;
				COPY_PHASE_STRIP = NO;
				DEBUG_INFORMATION_FORMAT = dwarf;
				ENABLE_STRICT_OBJC_MSGSEND = YES;
				ENABLE_TESTABILITY = YES;
				GCC_C_LANGUAGE_STANDARD = gnu11;
				GCC_DYNAMIC_NO_PIC = NO;
				GCC_NO_COMMON_BLOCKS = YES;
				GCC_OPTIMIZATION_LEVEL = 0;
				GCC_PREPROCESSOR_DEFINITIONS = (
					"DEBUG=1",
					"$(inherited)",
				);
				GCC_WARN_64_TO_32_BIT_CONVERSION = YES;
				GCC_WARN_ABOUT_RETURN_TYPE = YES_ERROR;
				GCC_WARN_UNDECLARED_SELECTOR = YES;
				GCC_WARN_UNINITIALIZED_AUTOS = YES_AGGRESSIVE;
				GCC_WARN_UNUSED_FUNCTION = YES;
				GCC_WARN_UNUSED_VARIABLE = YES;
				IPHONEOS_DEPLOYMENT_TARGET = 15.0;
				MTL_ENABLE_DEBUG_INFO = INCLUDE_SOURCE;
				MTL_FAST_MATH = YES;
				ONLY_ACTIVE_ARCH = YES;
				SDKROOT = iphoneos;
				SWIFT_ACTIVE_COMPILATION_CONDITIONS = DEBUG;
				SWIFT_OPTIMIZATION_LEVEL = "-Onone";
			};
			name = Debug;
		};
		36A8211B26C1961A00B3088B /* Release */ = {
			isa = XCBuildConfiguration;
			buildSettings = {
				ALWAYS_SEARCH_USER_PATHS = NO;
				CLANG_ANALYZER_NONNULL = YES;
				CLANG_ANALYZER_NUMBER_OBJECT_CONVERSION = YES_AGGRESSIVE;
				CLANG_CXX_LANGUAGE_STANDARD = "gnu++17";
				CLANG_CXX_LIBRARY = "libc++";
				CLANG_ENABLE_MODULES = YES;
				CLANG_ENABLE_OBJC_ARC = YES;
				CLANG_ENABLE_OBJC_WEAK = YES;
				CLANG_WARN_BLOCK_CAPTURE_AUTORELEASING = YES;
				CLANG_WARN_BOOL_CONVERSION = YES;
				CLANG_WARN_COMMA = YES;
				CLANG_WARN_CONSTANT_CONVERSION = YES;
				CLANG_WARN_DEPRECATED_OBJC_IMPLEMENTATIONS = YES;
				CLANG_WARN_DIRECT_OBJC_ISA_USAGE = YES_ERROR;
				CLANG_WARN_DOCUMENTATION_COMMENTS = YES;
				CLANG_WARN_EMPTY_BODY = YES;
				CLANG_WARN_ENUM_CONVERSION = YES;
				CLANG_WARN_INFINITE_RECURSION = YES;
				CLANG_WARN_INT_CONVERSION = YES;
				CLANG_WARN_NON_LITERAL_NULL_CONVERSION = YES;
				CLANG_WARN_OBJC_IMPLICIT_RETAIN_SELF = YES;
				CLANG_WARN_OBJC_LITERAL_CONVERSION = YES;
				CLANG_WARN_OBJC_ROOT_CLASS = YES_ERROR;
				CLANG_WARN_QUOTED_INCLUDE_IN_FRAMEWORK_HEADER = YES;
				CLANG_WARN_RANGE_LOOP_ANALYSIS = YES;
				CLANG_WARN_STRICT_PROTOTYPES = YES;
				CLANG_WARN_SUSPICIOUS_MOVE = YES;
				CLANG_WARN_UNGUARDED_AVAILABILITY = YES_AGGRESSIVE;
				CLANG_WARN_UNREACHABLE_CODE = YES;
				CLANG_WARN__DUPLICATE_METHOD_MATCH = YES;
				COPY_PHASE_STRIP = NO;
				DEBUG_INFORMATION_FORMAT = "dwarf-with-dsym";
				ENABLE_NS_ASSERTIONS = NO;
				ENABLE_STRICT_OBJC_MSGSEND = YES;
				GCC_C_LANGUAGE_STANDARD = gnu11;
				GCC_NO_COMMON_BLOCKS = YES;
				GCC_WARN_64_TO_32_BIT_CONVERSION = YES;
				GCC_WARN_ABOUT_RETURN_TYPE = YES_ERROR;
				GCC_WARN_UNDECLARED_SELECTOR = YES;
				GCC_WARN_UNINITIALIZED_AUTOS = YES_AGGRESSIVE;
				GCC_WARN_UNUSED_FUNCTION = YES;
				GCC_WARN_UNUSED_VARIABLE = YES;
				IPHONEOS_DEPLOYMENT_TARGET = 15.0;
				MTL_ENABLE_DEBUG_INFO = NO;
				MTL_FAST_MATH = YES;
				SDKROOT = iphoneos;
				SWIFT_COMPILATION_MODE = wholemodule;
				SWIFT_OPTIMIZATION_LEVEL = "-O";
				VALIDATE_PRODUCT = YES;
			};
			name = Release;
		};
		36A8211D26C1961A00B3088B /* Debug */ = {
			isa = XCBuildConfiguration;
			buildSettings = {
				ASSETCATALOG_COMPILER_APPICON_NAME = AppIcon;
				ASSETCATALOG_COMPILER_GLOBAL_ACCENT_COLOR_NAME = AccentColor;
				CODE_SIGN_STYLE = Automatic;
				CURRENT_PROJECT_VERSION = 1;
				DEVELOPMENT_TEAM = RJ86Z2T5ST;
				GENERATE_INFOPLIST_FILE = YES;
				INFOPLIST_FILE = GithubApiApp/Info.plist;
				INFOPLIST_KEY_UIApplicationSupportsIndirectInputEvents = YES;
				INFOPLIST_KEY_UILaunchStoryboardName = LaunchScreen;
				INFOPLIST_KEY_UISupportedInterfaceOrientations_iPad = "UIInterfaceOrientationPortrait UIInterfaceOrientationPortraitUpsideDown UIInterfaceOrientationLandscapeLeft UIInterfaceOrientationLandscapeRight";
				INFOPLIST_KEY_UISupportedInterfaceOrientations_iPhone = "UIInterfaceOrientationPortrait UIInterfaceOrientationLandscapeLeft UIInterfaceOrientationLandscapeRight";
				LD_RUNPATH_SEARCH_PATHS = (
					"$(inherited)",
					"@executable_path/Frameworks",
				);
				MARKETING_VERSION = 1.0;
				PRODUCT_BUNDLE_IDENTIFIER = com.KacperKita.GithubApiApp;
				PRODUCT_NAME = "$(TARGET_NAME)";
				SWIFT_EMIT_LOC_STRINGS = YES;
				SWIFT_VERSION = 5.0;
				TARGETED_DEVICE_FAMILY = "1,2";
			};
			name = Debug;
		};
		36A8211E26C1961A00B3088B /* Release */ = {
			isa = XCBuildConfiguration;
			buildSettings = {
				ASSETCATALOG_COMPILER_APPICON_NAME = AppIcon;
				ASSETCATALOG_COMPILER_GLOBAL_ACCENT_COLOR_NAME = AccentColor;
				CODE_SIGN_STYLE = Automatic;
				CURRENT_PROJECT_VERSION = 1;
				DEVELOPMENT_TEAM = RJ86Z2T5ST;
				GENERATE_INFOPLIST_FILE = YES;
				INFOPLIST_FILE = GithubApiApp/Info.plist;
				INFOPLIST_KEY_UIApplicationSupportsIndirectInputEvents = YES;
				INFOPLIST_KEY_UILaunchStoryboardName = LaunchScreen;
				INFOPLIST_KEY_UISupportedInterfaceOrientations_iPad = "UIInterfaceOrientationPortrait UIInterfaceOrientationPortraitUpsideDown UIInterfaceOrientationLandscapeLeft UIInterfaceOrientationLandscapeRight";
				INFOPLIST_KEY_UISupportedInterfaceOrientations_iPhone = "UIInterfaceOrientationPortrait UIInterfaceOrientationLandscapeLeft UIInterfaceOrientationLandscapeRight";
				LD_RUNPATH_SEARCH_PATHS = (
					"$(inherited)",
					"@executable_path/Frameworks",
				);
				MARKETING_VERSION = 1.0;
				PRODUCT_BUNDLE_IDENTIFIER = com.KacperKita.GithubApiApp;
				PRODUCT_NAME = "$(TARGET_NAME)";
				SWIFT_EMIT_LOC_STRINGS = YES;
				SWIFT_VERSION = 5.0;
				TARGETED_DEVICE_FAMILY = "1,2";
			};
			name = Release;
		};
/* End XCBuildConfiguration section */

/* Begin XCConfigurationList section */
		36A8210326C1961900B3088B /* Build configuration list for PBXProject "GithubApiApp" */ = {
			isa = XCConfigurationList;
			buildConfigurations = (
				36A8211A26C1961A00B3088B /* Debug */,
				36A8211B26C1961A00B3088B /* Release */,
			);
			defaultConfigurationIsVisible = 0;
			defaultConfigurationName = Release;
		};
		36A8211C26C1961A00B3088B /* Build configuration list for PBXNativeTarget "GithubApiApp" */ = {
			isa = XCConfigurationList;
			buildConfigurations = (
				36A8211D26C1961A00B3088B /* Debug */,
				36A8211E26C1961A00B3088B /* Release */,
			);
			defaultConfigurationIsVisible = 0;
			defaultConfigurationName = Release;
		};
/* End XCConfigurationList section */
	};
	rootObject = 36A8210026C1961900B3088B /* Project object */;
}
